
Microsoft Visual Studio Solution File, Format Version 12.00
# Visual Studio 15
VisualStudioVersion = 15.0.27703.2026
MinimumVisualStudioVersion = 10.0.40219.1
Project("{FAE04EC0-301F-11D3-BF4B-00C04F79EFBC}") = "NetCore.AutoRegisterDi", "NetCore.AutoRegisterDi\NetCore.AutoRegisterDi.csproj", "{FC8E0DD3-616E-4B90-9342-754E08593D4C}"
EndProject
Project("{FAE04EC0-301F-11D3-BF4B-00C04F79EFBC}") = "Test", "Test\Test.csproj", "{90B883DD-4329-4A6A-B73D-3D9682DC4B35}"
EndProject
Project("{2150E333-8FDC-42A3-9474-1A3956D46DE8}") = "Solution Items", "Solution Items", "{82D01612-D8DE-4C78-8394-19712BF8FCF5}"
	ProjectSection(SolutionItems) = preProject
		..\..\..\OneDrive - Selective Analytics Ltd\1 Business\1 TSF stuff\1 Standard Stationary\images\AutoRegisterDiIcon128.png = ..\..\..\OneDrive - Selective Analytics Ltd\1 Business\1 TSF stuff\1 Standard Stationary\images\AutoRegisterDiIcon128.png
		LICENCE.txt = LICENCE.txt
		READMe.md = READMe.md
	EndProjectSection
EndProject
Global
	GlobalSection(SolutionConfigurationPlatforms) = preSolution
		Debug|Any CPU = Debug|Any CPU
		Release|Any CPU = Release|Any CPU
	EndGlobalSection
	GlobalSection(ProjectConfigurationPlatforms) = postSolution
		{FC8E0DD3-616E-4B90-9342-754E08593D4C}.Debug|Any CPU.ActiveCfg = Debug|Any CPU
		{FC8E0DD3-616E-4B90-9342-754E08593D4C}.Debug|Any CPU.Build.0 = Debug|Any CPU
		{FC8E0DD3-616E-4B90-9342-754E08593D4C}.Release|Any CPU.ActiveCfg = Release|Any CPU
		{FC8E0DD3-616E-4B90-9342-754E08593D4C}.Release|Any CPU.Build.0 = Release|Any CPU
		{90B883DD-4329-4A6A-B73D-3D9682DC4B35}.Debug|Any CPU.ActiveCfg = Debug|Any CPU
		{90B883DD-4329-4A6A-B73D-3D9682DC4B35}.Debug|Any CPU.Build.0 = Debug|Any CPU
		{90B883DD-4329-4A6A-B73D-3D9682DC4B35}.Release|Any CPU.ActiveCfg = Release|Any CPU
		{90B883DD-4329-4A6A-B73D-3D9682DC4B35}.Release|Any CPU.Build.0 = Release|Any CPU
	EndGlobalSection
	GlobalSection(SolutionProperties) = preSolution
		HideSolutionNode = FALSE
	EndGlobalSection
	GlobalSection(ExtensibilityGlobals) = postSolution
		SolutionGuid = {4E9E360C-DF22-4A20-8233-1D50836DA5D4}
	EndGlobalSection
EndGlobal
